# THIS IS AN AUTOGENERATED FILE. DO NOT EDIT THIS FILE DIRECTLY.
# yarn lockfile v1


commander@2.11.0:
  version "2.11.0"
  resolved "https://registry.yarnpkg.com/commander/-/commander-2.11.0.tgz#157152fd1e7a6c8d98a5b715cf376df928004563"

ejs@2.5.7:
  version "2.5.7"
  resolved "https://registry.yarnpkg.com/ejs/-/ejs-2.5.7.tgz#cc872c168880ae3c7189762fd5ffc00896c9518a"

express-generator@^4.15.5:
  version "4.15.5"
  resolved "https://registry.yarnpkg.com/express-generator/-/express-generator-4.15.5.tgz#4e86ffe6cedb31126a2bf1dac01bd1795da6f978"
  dependencies:
    commander "2.11.0"
    ejs "2.5.7"
    mkdirp "0.5.1"
    sorted-object "2.0.1"

minimist@0.0.8:
  version "0.0.8"
  resolved "https://registry.yarnpkg.com/minimist/-/minimist-0.0.8.tgz#857fcabfc3397d2625b8228262e86aa7a011b05d"

mkdirp@0.5.1:
  version "0.5.1"
  resolved "https://registry.yarnpkg.com/mkdirp/-/mkdirp-0.5.1.tgz#30057438eac6cf7f8c4767f38648d6697d75c903"
  dependencies:
    minimist "0.0.8"

sorted-object@2.0.1:
  version "2.0.1"
  resolved "https://registry.yarnpkg.com/sorted-object/-/sorted-object-2.0.1.tgz#7d631f4bd3a798a24af1dffcfbfe83337a5df5fc"
